
Microsoft Visual Studio Solution File, Format Version 12.00
# Visual Studio Version 17
VisualStudioVersion = 17.14.36429.23 d17.14
MinimumVisualStudioVersion = 10.0.40219.1
Project("{FAE04EC0-301F-11D3-BF4B-00C04F79EFBC}") = "PinkWpfCalculator", "PinkWpfCalculator.csproj", "{7CD20E1B-1BCC-4EDB-87D9-A3B0F4BCFAC9}"
EndProject
Global
	GlobalSection(SolutionConfigurationPlatforms) = preSolution
		Debug|Any CPU = Debug|Any CPU
		Release|Any CPU = Release|Any CPU
	EndGlobalSection
	GlobalSection(ProjectConfigurationPlatforms) = postSolution
		{7CD20E1B-1BCC-4EDB-87D9-A3B0F4BCFAC9}.Debug|Any CPU.ActiveCfg = Debug|Any CPU
		{7CD20E1B-1BCC-4EDB-87D9-A3B0F4BCFAC9}.Debug|Any CPU.Build.0 = Debug|Any CPU
		{7CD20E1B-1BCC-4EDB-87D9-A3B0F4BCFAC9}.Release|Any CPU.ActiveCfg = Release|Any CPU
		{7CD20E1B-1BCC-4EDB-87D9-A3B0F4BCFAC9}.Release|Any CPU.Build.0 = Release|Any CPU
	EndGlobalSection
	GlobalSection(SolutionProperties) = preSolution
		HideSolutionNode = FALSE
	EndGlobalSection
	GlobalSection(ExtensibilityGlobals) = postSolution
		SolutionGuid = {CBFA28B7-55BF-4973-8976-9B24B2EEDF6C}
	EndGlobalSection
EndGlobal
